
Microsoft Visual Studio Solution File, Format Version 12.00
# Visual Studio Version 17
VisualStudioVersion = 17.4.33103.184
MinimumVisualStudioVersion = 10.0.40219.1
Project("{9A19103F-16F7-4668-BE54-9A1E7A4F7556}") = "WebApplication1", "WebApplication1\WebApplication1.csproj", "{58DE7646-7765-451A-807D-4A535450B2BA}"
EndProject
Global
	GlobalSection(SolutionConfigurationPlatforms) = preSolution
		Debug|Any CPU = Debug|Any CPU
		Release|Any CPU = Release|Any CPU
	EndGlobalSection
	GlobalSection(ProjectConfigurationPlatforms) = postSolution
		{58DE7646-7765-451A-807D-4A535450B2BA}.Debug|Any CPU.ActiveCfg = Debug|Any CPU
		{58DE7646-7765-451A-807D-4A535450B2BA}.Debug|Any CPU.Build.0 = Debug|Any CPU
		{58DE7646-7765-451A-807D-4A535450B2BA}.Release|Any CPU.ActiveCfg = Release|Any CPU
		{58DE7646-7765-451A-807D-4A535450B2BA}.Release|Any CPU.Build.0 = Release|Any CPU
	EndGlobalSection
	GlobalSection(SolutionProperties) = preSolution
		HideSolutionNode = FALSE
	EndGlobalSection
	GlobalSection(ExtensibilityGlobals) = postSolution
		SolutionGuid = {20B2F415-C819-41F8-8427-F8C400BEAFB2}
	EndGlobalSection
EndGlobal
